// !$*UTF8*$!
{
	archiveVersion = 1;
	classes = {
	};
	objectVersion = 46;
	objects = {

/* Begin PBXBuildFile section */
		ED18EEE31F687F1000BFC7DC /* CalculatorBrain.swift in Sources */ = {isa = PBXBuildFile; fileRef = ED18EEE21F687F1000BFC7DC /* CalculatorBrain.swift */; };
		EDFD1E091F683ABD00ABD6EA /* AppDelegate.swift in Sources */ = {isa = PBXBuildFile; fileRef = EDFD1E081F683ABD00ABD6EA /* AppDelegate.swift */; };
		EDFD1E0B1F683ABD00ABD6EA /* ViewController.swift in Sources */ = {isa = PBXBuildFile; fileRef = EDFD1E0A1F683ABD00ABD6EA /* ViewController.swift */; };
		EDFD1E0E1F683ABD00ABD6EA /* Main.storyboard in Resources */ = {isa = PBXBuildFile; fileRef = EDFD1E0C1F683ABD00ABD6EA /* Main.storyboard */; };
		EDFD1E101F683ABD00ABD6EA /* Assets.xcassets in Resources */ = {isa = PBXBuildFile; fileRef = EDFD1E0F1F683ABD00ABD6EA /* Assets.xcassets */; };
		EDFD1E131F683ABD00ABD6EA /* LaunchScreen.storyboard in Resources */ = {isa = PBXBuildFile; fileRef = EDFD1E111F683ABD00ABD6EA /* LaunchScreen.storyboard */; };
/* End PBXBuildFile section */

/* Begin PBXFileReference section */
		ED18EEE21F687F1000BFC7DC /* CalculatorBrain.swift */ = {isa = PBXFileReference; fileEncoding = 4; lastKnownFileType = sourcecode.swift; path = CalculatorBrain.swift; sourceTree = "<group>"; };
		EDFD1E051F683ABD00ABD6EA /* Calculator.app */ = {isa = PBXFileReference; explicitFileType = wrapper.application; includeInIndex = 0; path = Calculator.app; sourceTree = BUILT_PRODUCTS_DIR; };
		EDFD1E081F683ABD00ABD6EA /* AppDelegate.swift */ = {isa = PBXFileReference; lastKnownFileType = sourcecode.swift; path = AppDelegate.swift; sourceTree = "<group>"; };
		EDFD1E0A1F683ABD00ABD6EA /* ViewController.swift */ = {isa = PBXFileReference; lastKnownFileType = sourcecode.swift; path = ViewController.swift; sourceTree = "<group>"; };
		EDFD1E0D1F683ABD00ABD6EA /* Base */ = {isa = PBXFileReference; lastKnownFileType = file.storyboard; name = Base; path = Base.lproj/Main.storyboard; sourceTree = "<group>"; };
		EDFD1E0F1F683ABD00ABD6EA /* Assets.xcassets */ = {isa = PBXFileReference; lastKnownFileType = folder.assetcatalog; path = Assets.xcassets; sourceTree = "<group>"; };
		EDFD1E121F683ABD00ABD6EA /* Base */ = {isa = PBXFileReference; lastKnownFileType = file.storyboard; name = Base; path = Base.lproj/LaunchScreen.storyboard; sourceTree = "<group>"; };
		EDFD1E141F683ABD00ABD6EA /* Info.plist */ = {isa = PBXFileReference; lastKnownFileType = text.plist.xml; path = Info.plist; sourceTree = "<group>"; };
/* End PBXFileReference section */

/* Begin PBXFrameworksBuildPhase section */
		EDFD1E021F683ABC00ABD6EA /* Frameworks */ = {
			isa = PBXFrameworksBuildPhase;
			buildActionMask = 2147483647;
			files = (
			);
			runOnlyForDeploymentPostprocessing = 0;
		};
/* End PBXFrameworksBuildPhase section */

/* Begin PBXGroup section */
		EDFD1DFC1F683ABC00ABD6EA = {
			isa = PBXGroup;
			children = (
				EDFD1E071F683ABD00ABD6EA /* Calculator */,
				EDFD1E061F683ABD00ABD6EA /* Products */,
			);
			sourceTree = "<group>";
		};
		EDFD1E061F683ABD00ABD6EA /* Products */ = {
			isa = PBXGroup;
			children = (
				EDFD1E051F683ABD00ABD6EA /* Calculator.app */,
			);
			name = Products;
			sourceTree = "<group>";
		};
		EDFD1E071F683ABD00ABD6EA /* Calculator */ = {
			isa = PBXGroup;
			children = (
				EDFD1E1A1F683B5F00ABD6EA /* Supporting Files */,
				EDFD1E0A1F683ABD00ABD6EA /* ViewController.swift */,
				ED18EEE21F687F1000BFC7DC /* CalculatorBrain.swift */,
				EDFD1E0C1F683ABD00ABD6EA /* Main.storyboard */,
			);
			path = Calculator;
			sourceTree = "<group>";
		};
		EDFD1E1A1F683B5F00ABD6EA /* Supporting Files */ = {
			isa = PBXGroup;
			children = (
				EDFD1E081F683ABD00ABD6EA /* AppDelegate.swift */,
				EDFD1E0F1F683ABD00ABD6EA /* Assets.xcassets */,
				EDFD1E111F683ABD00ABD6EA /* LaunchScreen.storyboard */,
				EDFD1E141F683ABD00ABD6EA /* Info.plist */,
			);
			name = "Supporting Files";
			sourceTree = "<group>";
		};
/* End PBXGroup section */

/* Begin PBXNativeTarget section */
		EDFD1E041F683ABC00ABD6EA /* Calculator */ = {
			isa = PBXNativeTarget;
			buildConfigurationList = EDFD1E171F683ABD00ABD6EA /* Build configuration list for PBXNativeTarget "Calculator" */;
			buildPhases = (
				EDFD1E011F683ABC00ABD6EA /* Sources */,
				EDFD1E021F683ABC00ABD6EA /* Frameworks */,
				EDFD1E031F683ABC00ABD6EA /* Resources */,
			);
			buildRules = (
			);
			dependencies = (
			);
			name = Calculator;
			productName = Calculator;
			productReference = EDFD1E051F683ABD00ABD6EA /* Calculator.app */;
			productType = "com.apple.product-type.application";
		};
/* End PBXNativeTarget section */

/* Begin PBXProject section */
		EDFD1DFD1F683ABC00ABD6EA /* Project object */ = {
			isa = PBXProject;
			attributes = {
				LastSwiftUpdateCheck = 0830;
				LastUpgradeCheck = 0830;
				ORGANIZATIONNAME = Koombea;
				TargetAttributes = {
					EDFD1E041F683ABC00ABD6EA = {
						CreatedOnToolsVersion = 8.3.3;
						ProvisioningStyle = Automatic;
					};
				};
			};
			buildConfigurationList = EDFD1E001F683ABC00ABD6EA /* Build configuration list for PBXProject "Calculator" */;
			compatibilityVersion = "Xcode 3.2";
			developmentRegion = English;
			hasScannedForEncodings = 0;
			knownRegions = (
				en,
				Base,
			);
			mainGroup = EDFD1DFC1F683ABC00ABD6EA;
			productRefGroup = EDFD1E061F683ABD00ABD6EA /* Products */;
			projectDirPath = "";
			projectRoot = "";
			targets = (
				EDFD1E041F683ABC00ABD6EA /* Calculator */,
			);
		};
/* End PBXProject section */

/* Begin PBXResourcesBuildPhase section */
		EDFD1E031F683ABC00ABD6EA /* Resources */ = {
			isa = PBXResourcesBuildPhase;
			buildActionMask = 2147483647;
			files = (
				EDFD1E131F683ABD00ABD6EA /* LaunchScreen.storyboard in Resources */,
				EDFD1E101F683ABD00ABD6EA /* Assets.xcassets in Resources */,
				EDFD1E0E1F683ABD00ABD6EA /* Main.storyboard in Resources */,
			);
			runOnlyForDeploymentPostprocessing = 0;
		};
/* End PBXResourcesBuildPhase section */

/* Begin PBXSourcesBuildPhase section */
		EDFD1E011F683ABC00ABD6EA /* Sources */ = {
			isa = PBXSourcesBuildPhase;
			buildActionMask = 2147483647;
			files = (
				ED18EEE31F687F1000BFC7DC /* CalculatorBrain.swift in Sources */,
				EDFD1E0B1F683ABD00ABD6EA /* ViewController.swift in Sources */,
				EDFD1E091F683ABD00ABD6EA /* AppDelegate.swift in Sources */,
			);
			runOnlyForDeploymentPostprocessing = 0;
		};
/* End PBXSourcesBuildPhase section */

/* Begin PBXVariantGroup section */
		EDFD1E0C1F683ABD00ABD6EA /* Main.storyboard */ = {
			isa = PBXVariantGroup;
			children = (
				EDFD1E0D1F683ABD00ABD6EA /* Base */,
			);
			name = Main.storyboard;
			sourceTree = "<group>";
		};
		EDFD1E111F683ABD00ABD6EA /* LaunchScreen.storyboard */ = {
			isa = PBXVariantGroup;
			children = (
				EDFD1E121F683ABD00ABD6EA /* Base */,
			);
			name = LaunchScreen.storyboard;
			sourceTree = "<group>";
		};
/* End PBXVariantGroup section */

/* Begin XCBuildConfiguration section */
		EDFD1E151F683ABD00ABD6EA /* Debug */ = {
			isa = XCBuildConfiguration;
			buildSettings = {
				ALWAYS_SEARCH_USER_PATHS = NO;
				CLANG_ANALYZER_NONNULL = YES;
				CLANG_ANALYZER_NUMBER_OBJECT_CONVERSION = YES_AGGRESSIVE;
				CLANG_CXX_LANGUAGE_STANDARD = "gnu++0x";
				CLANG_CXX_LIBRARY = "libc++";
				CLANG_ENABLE_MODULES = YES;
				CLANG_ENABLE_OBJC_ARC = YES;
				CLANG_WARN_BOOL_CONVERSION = YES;
				CLANG_WARN_CONSTANT_CONVERSION = YES;
				CLANG_WARN_DIRECT_OBJC_ISA_USAGE = YES_ERROR;
				CLANG_WARN_DOCUMENTATION_COMMENTS = YES;
				CLANG_WARN_EMPTY_BODY = YES;
				CLANG_WARN_ENUM_CONVERSION = YES;
				CLANG_WARN_INFINITE_RECURSION = YES;
				CLANG_WARN_INT_CONVERSION = YES;
				CLANG_WARN_OBJC_ROOT_CLASS = YES_ERROR;
				CLANG_WARN_SUSPICIOUS_MOVE = YES;
				CLANG_WARN_UNREACHABLE_CODE = YES;
				CLANG_WARN__DUPLICATE_METHOD_MATCH = YES;
				"CODE_SIGN_IDENTITY[sdk=iphoneos*]" = "iPhone Developer";
				COPY_PHASE_STRIP = NO;
				DEBUG_INFORMATION_FORMAT = dwarf;
				ENABLE_STRICT_OBJC_MSGSEND = YES;
				ENABLE_TESTABILITY = YES;
				GCC_C_LANGUAGE_STANDARD = gnu99;
				GCC_DYNAMIC_NO_PIC = NO;
				GCC_NO_COMMON_BLOCKS = YES;
				GCC_OPTIMIZATION_LEVEL = 0;
				GCC_PREPROCESSOR_DEFINITIONS = (
					"DEBUG=1",
					"$(inherited)",
				);
				GCC_WARN_64_TO_32_BIT_CONVERSION = YES;
				GCC_WARN_ABOUT_RETURN_TYPE = YES_ERROR;
				GCC_WARN_UNDECLARED_SELECTOR = YES;
				GCC_WARN_UNINITIALIZED_AUTOS = YES_AGGRESSIVE;
				GCC_WARN_UNUSED_FUNCTION = YES;
				GCC_WARN_UNUSED_VARIABLE = YES;
				IPHONEOS_DEPLOYMENT_TARGET = 10.3;
				MTL_ENABLE_DEBUG_INFO = YES;
				ONLY_ACTIVE_ARCH = YES;
				SDKROOT = iphoneos;
				SWIFT_ACTIVE_COMPILATION_CONDITIONS = DEBUG;
				SWIFT_OPTIMIZATION_LEVEL = "-Onone";
				TARGETED_DEVICE_FAMILY = "1,2";
			};
			name = Debug;
		};
		EDFD1E161F683ABD00ABD6EA /* Release */ = {
			isa = XCBuildConfiguration;
			buildSettings = {
				ALWAYS_SEARCH_USER_PATHS = NO;
				CLANG_ANALYZER_NONNULL = YES;
				CLANG_ANALYZER_NUMBER_OBJECT_CONVERSION = YES_AGGRESSIVE;
				CLANG_CXX_LANGUAGE_STANDARD = "gnu++0x";
				CLANG_CXX_LIBRARY = "libc++";
				CLANG_ENABLE_MODULES = YES;
				CLANG_ENABLE_OBJC_ARC = YES;
				CLANG_WARN_BOOL_CONVERSION = YES;
				CLANG_WARN_CONSTANT_CONVERSION = YES;
				CLANG_WARN_DIRECT_OBJC_ISA_USAGE = YES_ERROR;
				CLANG_WARN_DOCUMENTATION_COMMENTS = YES;
				CLANG_WARN_EMPTY_BODY = YES;
				CLANG_WARN_ENUM_CONVERSION = YES;
				CLANG_WARN_INFINITE_RECURSION = YES;
				CLANG_WARN_INT_CONVERSION = YES;
				CLANG_WARN_OBJC_ROOT_CLASS = YES_ERROR;
				CLANG_WARN_SUSPICIOUS_MOVE = YES;
				CLANG_WARN_UNREACHABLE_CODE = YES;
				CLANG_WARN__DUPLICATE_METHOD_MATCH = YES;
				"CODE_SIGN_IDENTITY[sdk=iphoneos*]" = "iPhone Developer";
				COPY_PHASE_STRIP = NO;
				DEBUG_INFORMATION_FORMAT = "dwarf-with-dsym";
				ENABLE_NS_ASSERTIONS = NO;
				ENABLE_STRICT_OBJC_MSGSEND = YES;
				GCC_C_LANGUAGE_STANDARD = gnu99;
				GCC_NO_COMMON_BLOCKS = YES;
				GCC_WARN_64_TO_32_BIT_CONVERSION = YES;
				GCC_WARN_ABOUT_RETURN_TYPE = YES_ERROR;
				GCC_WARN_UNDECLARED_SELECTOR = YES;
				GCC_WARN_UNINITIALIZED_AUTOS = YES_AGGRESSIVE;
				GCC_WARN_UNUSED_FUNCTION = YES;
				GCC_WARN_UNUSED_VARIABLE = YES;
				IPHONEOS_DEPLOYMENT_TARGET = 10.3;
				MTL_ENABLE_DEBUG_INFO = NO;
				SDKROOT = iphoneos;
				SWIFT_OPTIMIZATION_LEVEL = "-Owholemodule";
				TARGETED_DEVICE_FAMILY = "1,2";
				VALIDATE_PRODUCT = YES;
			};
			name = Release;
		};
		EDFD1E181F683ABD00ABD6EA /* Debug */ = {
			isa = XCBuildConfiguration;
			buildSettings = {
				ASSETCATALOG_COMPILER_APPICON_NAME = AppIcon;
				INFOPLIST_FILE = Calculator/Info.plist;
				LD_RUNPATH_SEARCH_PATHS = "$(inherited) @executable_path/Frameworks";
				PRODUCT_BUNDLE_IDENTIFIER = rmantilla26.Calculator;
				PRODUCT_NAME = "$(TARGET_NAME)";
				SWIFT_VERSION = 3.0;
			};
			name = Debug;
		};
		EDFD1E191F683ABD00ABD6EA /* Release */ = {
			isa = XCBuildConfiguration;
			buildSettings = {
				ASSETCATALOG_COMPILER_APPICON_NAME = AppIcon;
				INFOPLIST_FILE = Calculator/Info.plist;
				LD_RUNPATH_SEARCH_PATHS = "$(inherited) @executable_path/Frameworks";
				PRODUCT_BUNDLE_IDENTIFIER = rmantilla26.Calculator;
				PRODUCT_NAME = "$(TARGET_NAME)";
				SWIFT_VERSION = 3.0;
			};
			name = Release;
		};
/* End XCBuildConfiguration section */

/* Begin XCConfigurationList section */
		EDFD1E001F683ABC00ABD6EA /* Build configuration list for PBXProject "Calculator" */ = {
			isa = XCConfigurationList;
			buildConfigurations = (
				EDFD1E151F683ABD00ABD6EA /* Debug */,
				EDFD1E161F683ABD00ABD6EA /* Release */,
			);
			defaultConfigurationIsVisible = 0;
			defaultConfigurationName = Release;
		};
		EDFD1E171F683ABD00ABD6EA /* Build configuration list for PBXNativeTarget "Calculator" */ = {
			isa = XCConfigurationList;
			buildConfigurations = (
				EDFD1E181F683ABD00ABD6EA /* Debug */,
				EDFD1E191F683ABD00ABD6EA /* Release */,
			);
			defaultConfigurationIsVisible = 0;
			defaultConfigurationName = Release;
		};
/* End XCConfigurationList section */
	};
	rootObject = EDFD1DFD1F683ABC00ABD6EA /* Project object */;
}
